{
  "name": "html",
  "lockfileVersion": 3,
  "requires": true,
  "packages": {
    "": {
      "devDependencies": {
        "tailwind-clip-path": "^1.0.0"
      }
    },
    "node_modules/tailwind-clip-path": {
      "version": "1.0.0",
      "resolved": "https://registry.npmjs.org/tailwind-clip-path/-/tailwind-clip-path-1.0.0.tgz",
      "integrity": "sha512-pac3BiCZCEKtX+3In4508PFcX2eZL7JwliZMtfYE0RoqFMjfbCVLmu+uuEFqn1y/f2vrOB5rY4XNcmaOSG1csw==",
      "dev": true
    }
  }
}
